
Microsoft Visual Studio Solution File, Format Version 12.00
# Visual Studio Version 17
VisualStudioVersion = 17.13.35818.85 d17.13
MinimumVisualStudioVersion = 10.0.40219.1
Project("{FAE04EC0-301F-11D3-BF4B-00C04F79EFBC}") = "hw6", "hw6.csproj", "{2E694DF9-98D5-4176-ACEC-1CD7253E54ED}"
EndProject
Global
	GlobalSection(SolutionConfigurationPlatforms) = preSolution
		Debug|Any CPU = Debug|Any CPU
		Release|Any CPU = Release|Any CPU
	EndGlobalSection
	GlobalSection(ProjectConfigurationPlatforms) = postSolution
		{2E694DF9-98D5-4176-ACEC-1CD7253E54ED}.Debug|Any CPU.ActiveCfg = Debug|Any CPU
		{2E694DF9-98D5-4176-ACEC-1CD7253E54ED}.Debug|Any CPU.Build.0 = Debug|Any CPU
		{2E694DF9-98D5-4176-ACEC-1CD7253E54ED}.Release|Any CPU.ActiveCfg = Release|Any CPU
		{2E694DF9-98D5-4176-ACEC-1CD7253E54ED}.Release|Any CPU.Build.0 = Release|Any CPU
	EndGlobalSection
	GlobalSection(SolutionProperties) = preSolution
		HideSolutionNode = FALSE
	EndGlobalSection
	GlobalSection(ExtensibilityGlobals) = postSolution
		SolutionGuid = {9B1CC759-4CD7-487A-A284-3A8435EB07DB}
	EndGlobalSection
EndGlobal
